
Microsoft Visual Studio Solution File, Format Version 12.00
# Visual Studio Version 17
VisualStudioVersion = 17.0.31903.59
MinimumVisualStudioVersion = 10.0.40219.1
Project("{FAE04EC0-301F-11D3-BF4B-00C04F79EFBC}") = "DevBlog", "DevBlog\DevBlog.csproj", "{7A13A42C-E160-4DCE-8D08-FE31A6E27051}"
EndProject
Project("{FAE04EC0-301F-11D3-BF4B-00C04F79EFBC}") = "Entities", "Entities\Entities.csproj", "{8F76B981-2128-4120-8CA4-65B21ACDD2A4}"
EndProject
Project("{FAE04EC0-301F-11D3-BF4B-00C04F79EFBC}") = "Logger", "Logger\Logger.csproj", "{0FE6CD4A-852B-4978-972B-832D77E48275}"
EndProject
Project("{FAE04EC0-301F-11D3-BF4B-00C04F79EFBC}") = "Repositories", "Repositories\Repositories.csproj", "{E0B9074B-734E-4AB5-867D-446A1CCA2315}"
EndProject
Project("{FAE04EC0-301F-11D3-BF4B-00C04F79EFBC}") = "RepositoriesContracts", "RepositoriesContracts\RepositoriesContracts.csproj", "{71B39A06-D131-4BBF-ABB7-127BC730F7EF}"
EndProject
Project("{FAE04EC0-301F-11D3-BF4B-00C04F79EFBC}") = "Services", "Services\Services.csproj", "{0BF46C93-844E-4CB4-9701-B4A4BEBB6646}"
EndProject
Project("{FAE04EC0-301F-11D3-BF4B-00C04F79EFBC}") = "ServicesContracts", "ServicesContracts\ServicesContracts.csproj", "{3939D015-82AA-40F3-91B8-29CFA8C1C0F5}"
EndProject
Global
	GlobalSection(SolutionConfigurationPlatforms) = preSolution
		Debug|Any CPU = Debug|Any CPU
		Debug|x64 = Debug|x64
		Debug|x86 = Debug|x86
		Release|Any CPU = Release|Any CPU
		Release|x64 = Release|x64
		Release|x86 = Release|x86
	EndGlobalSection
	GlobalSection(ProjectConfigurationPlatforms) = postSolution
		{7A13A42C-E160-4DCE-8D08-FE31A6E27051}.Debug|Any CPU.ActiveCfg = Debug|Any CPU
		{7A13A42C-E160-4DCE-8D08-FE31A6E27051}.Debug|Any CPU.Build.0 = Debug|Any CPU
		{7A13A42C-E160-4DCE-8D08-FE31A6E27051}.Debug|x64.ActiveCfg = Debug|Any CPU
		{7A13A42C-E160-4DCE-8D08-FE31A6E27051}.Debug|x64.Build.0 = Debug|Any CPU
		{7A13A42C-E160-4DCE-8D08-FE31A6E27051}.Debug|x86.ActiveCfg = Debug|Any CPU
		{7A13A42C-E160-4DCE-8D08-FE31A6E27051}.Debug|x86.Build.0 = Debug|Any CPU
		{7A13A42C-E160-4DCE-8D08-FE31A6E27051}.Release|Any CPU.ActiveCfg = Release|Any CPU
		{7A13A42C-E160-4DCE-8D08-FE31A6E27051}.Release|Any CPU.Build.0 = Release|Any CPU
		{7A13A42C-E160-4DCE-8D08-FE31A6E27051}.Release|x64.ActiveCfg = Release|Any CPU
		{7A13A42C-E160-4DCE-8D08-FE31A6E27051}.Release|x64.Build.0 = Release|Any CPU
		{7A13A42C-E160-4DCE-8D08-FE31A6E27051}.Release|x86.ActiveCfg = Release|Any CPU
		{7A13A42C-E160-4DCE-8D08-FE31A6E27051}.Release|x86.Build.0 = Release|Any CPU
		{8F76B981-2128-4120-8CA4-65B21ACDD2A4}.Debug|Any CPU.ActiveCfg = Debug|Any CPU
		{8F76B981-2128-4120-8CA4-65B21ACDD2A4}.Debug|Any CPU.Build.0 = Debug|Any CPU
		{8F76B981-2128-4120-8CA4-65B21ACDD2A4}.Debug|x64.ActiveCfg = Debug|Any CPU
		{8F76B981-2128-4120-8CA4-65B21ACDD2A4}.Debug|x64.Build.0 = Debug|Any CPU
		{8F76B981-2128-4120-8CA4-65B21ACDD2A4}.Debug|x86.ActiveCfg = Debug|Any CPU
		{8F76B981-2128-4120-8CA4-65B21ACDD2A4}.Debug|x86.Build.0 = Debug|Any CPU
		{8F76B981-2128-4120-8CA4-65B21ACDD2A4}.Release|Any CPU.ActiveCfg = Release|Any CPU
		{8F76B981-2128-4120-8CA4-65B21ACDD2A4}.Release|Any CPU.Build.0 = Release|Any CPU
		{8F76B981-2128-4120-8CA4-65B21ACDD2A4}.Release|x64.ActiveCfg = Release|Any CPU
		{8F76B981-2128-4120-8CA4-65B21ACDD2A4}.Release|x64.Build.0 = Release|Any CPU
		{8F76B981-2128-4120-8CA4-65B21ACDD2A4}.Release|x86.ActiveCfg = Release|Any CPU
		{8F76B981-2128-4120-8CA4-65B21ACDD2A4}.Release|x86.Build.0 = Release|Any CPU
		{0FE6CD4A-852B-4978-972B-832D77E48275}.Debug|Any CPU.ActiveCfg = Debug|Any CPU
		{0FE6CD4A-852B-4978-972B-832D77E48275}.Debug|Any CPU.Build.0 = Debug|Any CPU
		{0FE6CD4A-852B-4978-972B-832D77E48275}.Debug|x64.ActiveCfg = Debug|Any CPU
		{0FE6CD4A-852B-4978-972B-832D77E48275}.Debug|x64.Build.0 = Debug|Any CPU
		{0FE6CD4A-852B-4978-972B-832D77E48275}.Debug|x86.ActiveCfg = Debug|Any CPU
		{0FE6CD4A-852B-4978-972B-832D77E48275}.Debug|x86.Build.0 = Debug|Any CPU
		{0FE6CD4A-852B-4978-972B-832D77E48275}.Release|Any CPU.ActiveCfg = Release|Any CPU
		{0FE6CD4A-852B-4978-972B-832D77E48275}.Release|Any CPU.Build.0 = Release|Any CPU
		{0FE6CD4A-852B-4978-972B-832D77E48275}.Release|x64.ActiveCfg = Release|Any CPU
		{0FE6CD4A-852B-4978-972B-832D77E48275}.Release|x64.Build.0 = Release|Any CPU
		{0FE6CD4A-852B-4978-972B-832D77E48275}.Release|x86.ActiveCfg = Release|Any CPU
		{0FE6CD4A-852B-4978-972B-832D77E48275}.Release|x86.Build.0 = Release|Any CPU
		{E0B9074B-734E-4AB5-867D-446A1CCA2315}.Debug|Any CPU.ActiveCfg = Debug|Any CPU
		{E0B9074B-734E-4AB5-867D-446A1CCA2315}.Debug|Any CPU.Build.0 = Debug|Any CPU
		{E0B9074B-734E-4AB5-867D-446A1CCA2315}.Debug|x64.ActiveCfg = Debug|Any CPU
		{E0B9074B-734E-4AB5-867D-446A1CCA2315}.Debug|x64.Build.0 = Debug|Any CPU
		{E0B9074B-734E-4AB5-867D-446A1CCA2315}.Debug|x86.ActiveCfg = Debug|Any CPU
		{E0B9074B-734E-4AB5-867D-446A1CCA2315}.Debug|x86.Build.0 = Debug|Any CPU
		{E0B9074B-734E-4AB5-867D-446A1CCA2315}.Release|Any CPU.ActiveCfg = Release|Any CPU
		{E0B9074B-734E-4AB5-867D-446A1CCA2315}.Release|Any CPU.Build.0 = Release|Any CPU
		{E0B9074B-734E-4AB5-867D-446A1CCA2315}.Release|x64.ActiveCfg = Release|Any CPU
		{E0B9074B-734E-4AB5-867D-446A1CCA2315}.Release|x64.Build.0 = Release|Any CPU
		{E0B9074B-734E-4AB5-867D-446A1CCA2315}.Release|x86.ActiveCfg = Release|Any CPU
		{E0B9074B-734E-4AB5-867D-446A1CCA2315}.Release|x86.Build.0 = Release|Any CPU
		{71B39A06-D131-4BBF-ABB7-127BC730F7EF}.Debug|Any CPU.ActiveCfg = Debug|Any CPU
		{71B39A06-D131-4BBF-ABB7-127BC730F7EF}.Debug|Any CPU.Build.0 = Debug|Any CPU
		{71B39A06-D131-4BBF-ABB7-127BC730F7EF}.Debug|x64.ActiveCfg = Debug|Any CPU
		{71B39A06-D131-4BBF-ABB7-127BC730F7EF}.Debug|x64.Build.0 = Debug|Any CPU
		{71B39A06-D131-4BBF-ABB7-127BC730F7EF}.Debug|x86.ActiveCfg = Debug|Any CPU
		{71B39A06-D131-4BBF-ABB7-127BC730F7EF}.Debug|x86.Build.0 = Debug|Any CPU
		{71B39A06-D131-4BBF-ABB7-127BC730F7EF}.Release|Any CPU.ActiveCfg = Release|Any CPU
		{71B39A06-D131-4BBF-ABB7-127BC730F7EF}.Release|Any CPU.Build.0 = Release|Any CPU
		{71B39A06-D131-4BBF-ABB7-127BC730F7EF}.Release|x64.ActiveCfg = Release|Any CPU
		{71B39A06-D131-4BBF-ABB7-127BC730F7EF}.Release|x64.Build.0 = Release|Any CPU
		{71B39A06-D131-4BBF-ABB7-127BC730F7EF}.Release|x86.ActiveCfg = Release|Any CPU
		{71B39A06-D131-4BBF-ABB7-127BC730F7EF}.Release|x86.Build.0 = Release|Any CPU
		{0BF46C93-844E-4CB4-9701-B4A4BEBB6646}.Debug|Any CPU.ActiveCfg = Debug|Any CPU
		{0BF46C93-844E-4CB4-9701-B4A4BEBB6646}.Debug|Any CPU.Build.0 = Debug|Any CPU
		{0BF46C93-844E-4CB4-9701-B4A4BEBB6646}.Debug|x64.ActiveCfg = Debug|Any CPU
		{0BF46C93-844E-4CB4-9701-B4A4BEBB6646}.Debug|x64.Build.0 = Debug|Any CPU
		{0BF46C93-844E-4CB4-9701-B4A4BEBB6646}.Debug|x86.ActiveCfg = Debug|Any CPU
		{0BF46C93-844E-4CB4-9701-B4A4BEBB6646}.Debug|x86.Build.0 = Debug|Any CPU
		{0BF46C93-844E-4CB4-9701-B4A4BEBB6646}.Release|Any CPU.ActiveCfg = Release|Any CPU
		{0BF46C93-844E-4CB4-9701-B4A4BEBB6646}.Release|Any CPU.Build.0 = Release|Any CPU
		{0BF46C93-844E-4CB4-9701-B4A4BEBB6646}.Release|x64.ActiveCfg = Release|Any CPU
		{0BF46C93-844E-4CB4-9701-B4A4BEBB6646}.Release|x64.Build.0 = Release|Any CPU
		{0BF46C93-844E-4CB4-9701-B4A4BEBB6646}.Release|x86.ActiveCfg = Release|Any CPU
		{0BF46C93-844E-4CB4-9701-B4A4BEBB6646}.Release|x86.Build.0 = Release|Any CPU
		{3939D015-82AA-40F3-91B8-29CFA8C1C0F5}.Debug|Any CPU.ActiveCfg = Debug|Any CPU
		{3939D015-82AA-40F3-91B8-29CFA8C1C0F5}.Debug|Any CPU.Build.0 = Debug|Any CPU
		{3939D015-82AA-40F3-91B8-29CFA8C1C0F5}.Debug|x64.ActiveCfg = Debug|Any CPU
		{3939D015-82AA-40F3-91B8-29CFA8C1C0F5}.Debug|x64.Build.0 = Debug|Any CPU
		{3939D015-82AA-40F3-91B8-29CFA8C1C0F5}.Debug|x86.ActiveCfg = Debug|Any CPU
		{3939D015-82AA-40F3-91B8-29CFA8C1C0F5}.Debug|x86.Build.0 = Debug|Any CPU
		{3939D015-82AA-40F3-91B8-29CFA8C1C0F5}.Release|Any CPU.ActiveCfg = Release|Any CPU
		{3939D015-82AA-40F3-91B8-29CFA8C1C0F5}.Release|Any CPU.Build.0 = Release|Any CPU
		{3939D015-82AA-40F3-91B8-29CFA8C1C0F5}.Release|x64.ActiveCfg = Release|Any CPU
		{3939D015-82AA-40F3-91B8-29CFA8C1C0F5}.Release|x64.Build.0 = Release|Any CPU
		{3939D015-82AA-40F3-91B8-29CFA8C1C0F5}.Release|x86.ActiveCfg = Release|Any CPU
		{3939D015-82AA-40F3-91B8-29CFA8C1C0F5}.Release|x86.Build.0 = Release|Any CPU
	EndGlobalSection
	GlobalSection(SolutionProperties) = preSolution
		HideSolutionNode = FALSE
	EndGlobalSection
EndGlobal
